
Microsoft Visual Studio Solution File, Format Version 12.00
# Visual Studio Version 17
VisualStudioVersion = 17.8.34511.84
MinimumVisualStudioVersion = 10.0.40219.1
Project("{FAE04EC0-301F-11D3-BF4B-00C04F79EFBC}") = "SobeeYou", "SobeeYou\SobeeYou.csproj", "{9D47F7CA-D9BB-48E1-9017-EBA3A1D32F40}"
EndProject
Project("{9A19103F-16F7-4668-BE54-9A1E7A4F7556}") = "sobee_core", "sobee_core\sobee_core\sobee_core.csproj", "{D29A697B-19FD-4CE3-B2B1-C93C2F98D8E7}"
EndProject
Global
	GlobalSection(SolutionConfigurationPlatforms) = preSolution
		Debug|Any CPU = Debug|Any CPU
		Release|Any CPU = Release|Any CPU
	EndGlobalSection
	GlobalSection(ProjectConfigurationPlatforms) = postSolution
		{9D47F7CA-D9BB-48E1-9017-EBA3A1D32F40}.Debug|Any CPU.ActiveCfg = Debug|Any CPU
		{9D47F7CA-D9BB-48E1-9017-EBA3A1D32F40}.Debug|Any CPU.Build.0 = Debug|Any CPU
		{9D47F7CA-D9BB-48E1-9017-EBA3A1D32F40}.Release|Any CPU.ActiveCfg = Release|Any CPU
		{9D47F7CA-D9BB-48E1-9017-EBA3A1D32F40}.Release|Any CPU.Build.0 = Release|Any CPU
		{D29A697B-19FD-4CE3-B2B1-C93C2F98D8E7}.Debug|Any CPU.ActiveCfg = Debug|Any CPU
		{D29A697B-19FD-4CE3-B2B1-C93C2F98D8E7}.Debug|Any CPU.Build.0 = Debug|Any CPU
		{D29A697B-19FD-4CE3-B2B1-C93C2F98D8E7}.Release|Any CPU.ActiveCfg = Release|Any CPU
		{D29A697B-19FD-4CE3-B2B1-C93C2F98D8E7}.Release|Any CPU.Build.0 = Release|Any CPU
	EndGlobalSection
	GlobalSection(SolutionProperties) = preSolution
		HideSolutionNode = FALSE
	EndGlobalSection
	GlobalSection(ExtensibilityGlobals) = postSolution
		SolutionGuid = {9DB8B97B-47F5-4E1D-A0EE-A6E7EADB7CCF}
	EndGlobalSection
EndGlobal
